{
  "version": 4,
  "terraform_version": "1.2.5",
  "serial": 136,
  "lineage": "2374b17a-85ba-8aae-2c57-a5f4a7343824",
  "outputs": {},
  "resources": [
    {
      "mode": "managed",
      "type": "google_compute_firewall",
      "name": "firewall-allow-ssh",
      "provider": "provider[\"registry.terraform.io/hashicorp/google\"]",
      "instances": [
        {
          "schema_version": 1,
          "attributes": {
            "allow": [
              {
                "ports": [
                  "22"
                ],
                "protocol": "tcp"
              }
            ],
            "creation_timestamp": "2022-07-30T13:33:38.629-07:00",
            "deny": [],
            "description": "",
            "destination_ranges": [],
            "direction": "INGRESS",
            "disabled": false,
            "enable_logging": null,
            "id": "projects/nohaproject-354114/global/firewalls/firewall-allow-ssh",
            "log_config": [],
            "name": "firewall-allow-ssh",
            "network": "https://www.googleapis.com/compute/v1/projects/nohaproject-354114/global/networks/main-network",
            "priority": 1000,
            "project": "nohaproject-354114",
            "self_link": "https://www.googleapis.com/compute/v1/projects/nohaproject-354114/global/firewalls/firewall-allow-ssh",
            "source_ranges": [
              "0.0.0.0/0"
            ],
            "source_service_accounts": null,
            "source_tags": null,
            "target_service_accounts": null,
            "target_tags": null,
            "timeouts": null
          },
          "sensitive_attributes": [],
          "private": "eyJlMmJmYjczMC1lY2FhLTExZTYtOGY4OC0zNDM2M2JjN2M0YzAiOnsiY3JlYXRlIjoxMjAwMDAwMDAwMDAwLCJkZWxldGUiOjEyMDAwMDAwMDAwMDAsInVwZGF0ZSI6MTIwMDAwMDAwMDAwMH0sInNjaGVtYV92ZXJzaW9uIjoiMSJ9",
          "dependencies": [
            "google_compute_network.main-network"
          ]
        }
      ]
    },
    {
      "mode": "managed",
      "type": "google_compute_firewall",
      "name": "fw-allow-iap",
      "provider": "provider[\"registry.terraform.io/hashicorp/google\"]",
      "instances": [
        {
          "schema_version": 1,
          "attributes": {
            "allow": [
              {
                "ports": [
                  "80",
                  "22"
                ],
                "protocol": "tcp"
              }
            ],
            "creation_timestamp": "2022-07-30T13:33:38.615-07:00",
            "deny": [],
            "description": "",
            "destination_ranges": [],
            "direction": "INGRESS",
            "disabled": false,
            "enable_logging": null,
            "id": "projects/nohaproject-354114/global/firewalls/fw-allow-iap",
            "log_config": [],
            "name": "fw-allow-iap",
            "network": "https://www.googleapis.com/compute/v1/projects/nohaproject-354114/global/networks/main-network",
            "priority": 1000,
            "project": "nohaproject-354114",
            "self_link": "https://www.googleapis.com/compute/v1/projects/nohaproject-354114/global/firewalls/fw-allow-iap",
            "source_ranges": [
              "35.235.240.0/20"
            ],
            "source_service_accounts": null,
            "source_tags": null,
            "target_service_accounts": null,
            "target_tags": null,
            "timeouts": null
          },
          "sensitive_attributes": [],
          "private": "eyJlMmJmYjczMC1lY2FhLTExZTYtOGY4OC0zNDM2M2JjN2M0YzAiOnsiY3JlYXRlIjoxMjAwMDAwMDAwMDAwLCJkZWxldGUiOjEyMDAwMDAwMDAwMDAsInVwZGF0ZSI6MTIwMDAwMDAwMDAwMH0sInNjaGVtYV92ZXJzaW9uIjoiMSJ9",
          "dependencies": [
            "google_compute_network.main-network"
          ]
        }
      ]
    },
    {
      "mode": "managed",
      "type": "google_compute_instance",
      "name": "private-vm",
      "provider": "provider[\"registry.terraform.io/hashicorp/google\"]",
      "instances": [
        {
          "schema_version": 6,
          "attributes": {
            "advanced_machine_features": [],
            "allow_stopping_for_update": null,
            "attached_disk": [],
            "boot_disk": [
              {
                "auto_delete": true,
                "device_name": "persistent-disk-0",
                "disk_encryption_key_raw": "",
                "disk_encryption_key_sha256": "",
                "initialize_params": [
                  {
                    "image": "https://www.googleapis.com/compute/v1/projects/ubuntu-os-cloud/global/images/ubuntu-1804-bionic-v20220712",
                    "labels": {},
                    "size": 10,
                    "type": "pd-standard"
                  }
                ],
                "kms_key_self_link": "",
                "mode": "READ_WRITE",
                "source": "https://www.googleapis.com/compute/v1/projects/nohaproject-354114/zones/us-central1-a/disks/private-vm"
              }
            ],
            "can_ip_forward": false,
            "confidential_instance_config": [],
            "cpu_platform": "Intel Broadwell",
            "current_status": "RUNNING",
            "deletion_protection": false,
            "description": "",
            "desired_status": null,
            "enable_display": false,
            "guest_accelerator": [],
            "hostname": "",
            "id": "projects/nohaproject-354114/zones/us-central1-a/instances/private-vm",
            "instance_id": "800614076438293343",
            "label_fingerprint": "42WmSpB8rSM=",
            "labels": null,
            "machine_type": "e2-micro",
            "metadata": null,
            "metadata_fingerprint": "D3ku8f4nufo=",
            "metadata_startup_script": null,
            "min_cpu_platform": "",
            "name": "private-vm",
            "network_interface": [
              {
                "access_config": [],
                "alias_ip_range": [],
                "ipv6_access_config": [],
                "ipv6_access_type": "",
                "name": "nic0",
                "network": "https://www.googleapis.com/compute/v1/projects/nohaproject-354114/global/networks/main-network",
                "network_ip": "10.0.0.2",
                "nic_type": "",
                "queue_count": 0,
                "stack_type": "IPV4_ONLY",
                "subnetwork": "https://www.googleapis.com/compute/v1/projects/nohaproject-354114/regions/us-central1/subnetworks/management-subnet",
                "subnetwork_project": "nohaproject-354114"
              }
            ],
            "project": "nohaproject-354114",
            "reservation_affinity": [],
            "resource_policies": null,
            "scheduling": [
              {
                "automatic_restart": true,
                "min_node_cpus": 0,
                "node_affinities": [],
                "on_host_maintenance": "MIGRATE",
                "preemptible": false,
                "provisioning_model": "STANDARD"
              }
            ],
            "scratch_disk": [],
            "self_link": "https://www.googleapis.com/compute/v1/projects/nohaproject-354114/zones/us-central1-a/instances/private-vm",
            "service_account": [],
            "shielded_instance_config": [
              {
                "enable_integrity_monitoring": true,
                "enable_secure_boot": false,
                "enable_vtpm": true
              }
            ],
            "tags": null,
            "tags_fingerprint": "42WmSpB8rSM=",
            "timeouts": null,
            "zone": "us-central1-a"
          },
          "sensitive_attributes": [],
          "private": "eyJlMmJmYjczMC1lY2FhLTExZTYtOGY4OC0zNDM2M2JjN2M0YzAiOnsiY3JlYXRlIjoxMjAwMDAwMDAwMDAwLCJkZWxldGUiOjEyMDAwMDAwMDAwMDAsInVwZGF0ZSI6MTIwMDAwMDAwMDAwMH0sInNjaGVtYV92ZXJzaW9uIjoiNiJ9",
          "dependencies": [
            "google_compute_network.main-network",
            "google_compute_subnetwork.management_subnet"
          ]
        }
      ]
    },
    {
      "mode": "managed",
      "type": "google_compute_network",
      "name": "main-network",
      "provider": "provider[\"registry.terraform.io/hashicorp/google\"]",
      "instances": [
        {
          "schema_version": 0,
          "attributes": {
            "auto_create_subnetworks": false,
            "delete_default_routes_on_create": false,
            "description": "",
            "enable_ula_internal_ipv6": false,
            "gateway_ipv4": "",
            "id": "projects/nohaproject-354114/global/networks/main-network",
            "internal_ipv6_range": "",
            "mtu": 0,
            "name": "main-network",
            "project": "nohaproject-354114",
            "routing_mode": "REGIONAL",
            "self_link": "https://www.googleapis.com/compute/v1/projects/nohaproject-354114/global/networks/main-network",
            "timeouts": null
          },
          "sensitive_attributes": [],
          "private": "eyJlMmJmYjczMC1lY2FhLTExZTYtOGY4OC0zNDM2M2JjN2M0YzAiOnsiY3JlYXRlIjoxMjAwMDAwMDAwMDAwLCJkZWxldGUiOjEyMDAwMDAwMDAwMDAsInVwZGF0ZSI6MTIwMDAwMDAwMDAwMH19"
        }
      ]
    },
    {
      "mode": "managed",
      "type": "google_compute_router",
      "name": "router",
      "provider": "provider[\"registry.terraform.io/hashicorp/google\"]",
      "instances": [
        {
          "schema_version": 0,
          "attributes": {
            "bgp": [],
            "creation_timestamp": "2022-07-30T13:33:51.678-07:00",
            "description": "",
            "encrypted_interconnect_router": false,
            "id": "projects/nohaproject-354114/regions/us-central1/routers/router",
            "name": "router",
            "network": "https://www.googleapis.com/compute/v1/projects/nohaproject-354114/global/networks/main-network",
            "project": "nohaproject-354114",
            "region": "us-central1",
            "self_link": "https://www.googleapis.com/compute/v1/projects/nohaproject-354114/regions/us-central1/routers/router",
            "timeouts": null
          },
          "sensitive_attributes": [],
          "private": "eyJlMmJmYjczMC1lY2FhLTExZTYtOGY4OC0zNDM2M2JjN2M0YzAiOnsiY3JlYXRlIjoxMjAwMDAwMDAwMDAwLCJkZWxldGUiOjEyMDAwMDAwMDAwMDAsInVwZGF0ZSI6MTIwMDAwMDAwMDAwMH19",
          "dependencies": [
            "google_compute_network.main-network",
            "google_compute_subnetwork.management_subnet"
          ]
        }
      ]
    },
    {
      "mode": "managed",
      "type": "google_compute_router_nat",
      "name": "nat-gw2",
      "provider": "provider[\"registry.terraform.io/hashicorp/google\"]",
      "instances": [
        {
          "schema_version": 0,
          "attributes": {
            "drain_nat_ips": null,
            "enable_dynamic_port_allocation": false,
            "enable_endpoint_independent_mapping": true,
            "icmp_idle_timeout_sec": 30,
            "id": "nohaproject-354114/us-central1/router/my-router-nat",
            "log_config": [],
            "max_ports_per_vm": 0,
            "min_ports_per_vm": 0,
            "name": "my-router-nat",
            "nat_ip_allocate_option": "AUTO_ONLY",
            "nat_ips": null,
            "project": "nohaproject-354114",
            "region": "us-central1",
            "router": "router",
            "source_subnetwork_ip_ranges_to_nat": "LIST_OF_SUBNETWORKS",
            "subnetwork": [
              {
                "name": "projects/nohaproject-354114/regions/us-central1/subnetworks/restricted-subnet",
                "secondary_ip_range_names": [],
                "source_ip_ranges_to_nat": [
                  "ALL_IP_RANGES"
                ]
              }
            ],
            "tcp_established_idle_timeout_sec": 1200,
            "tcp_transitory_idle_timeout_sec": 30,
            "timeouts": null,
            "udp_idle_timeout_sec": 30
          },
          "sensitive_attributes": [],
          "private": "eyJlMmJmYjczMC1lY2FhLTExZTYtOGY4OC0zNDM2M2JjN2M0YzAiOnsiY3JlYXRlIjoxMjAwMDAwMDAwMDAwLCJkZWxldGUiOjEyMDAwMDAwMDAwMDAsInVwZGF0ZSI6MTIwMDAwMDAwMDAwMH19",
          "dependencies": [
            "google_compute_network.main-network",
            "google_compute_router.router",
            "google_compute_subnetwork.management_subnet",
            "google_compute_subnetwork.restricted_subnet"
          ]
        }
      ]
    },
    {
      "mode": "managed",
      "type": "google_compute_subnetwork",
      "name": "management_subnet",
      "provider": "provider[\"registry.terraform.io/hashicorp/google\"]",
      "instances": [
        {
          "schema_version": 0,
          "attributes": {
            "creation_timestamp": "2022-07-30T13:33:38.792-07:00",
            "description": "",
            "external_ipv6_prefix": "",
            "fingerprint": null,
            "gateway_address": "10.0.0.1",
            "id": "projects/nohaproject-354114/regions/us-central1/subnetworks/management-subnet",
            "ip_cidr_range": "10.0.0.0/24",
            "ipv6_access_type": "",
            "ipv6_cidr_range": "",
            "log_config": [],
            "name": "management-subnet",
            "network": "https://www.googleapis.com/compute/v1/projects/nohaproject-354114/global/networks/main-network",
            "private_ip_google_access": false,
            "private_ipv6_google_access": "DISABLE_GOOGLE_ACCESS",
            "project": "nohaproject-354114",
            "purpose": "PRIVATE",
            "region": "us-central1",
            "role": "",
            "secondary_ip_range": [],
            "self_link": "https://www.googleapis.com/compute/v1/projects/nohaproject-354114/regions/us-central1/subnetworks/management-subnet",
            "stack_type": "IPV4_ONLY",
            "timeouts": null
          },
          "sensitive_attributes": [],
          "private": "eyJlMmJmYjczMC1lY2FhLTExZTYtOGY4OC0zNDM2M2JjN2M0YzAiOnsiY3JlYXRlIjoxMjAwMDAwMDAwMDAwLCJkZWxldGUiOjEyMDAwMDAwMDAwMDAsInVwZGF0ZSI6MTIwMDAwMDAwMDAwMH19",
          "dependencies": [
            "google_compute_network.main-network"
          ]
        }
      ]
    },
    {
      "mode": "managed",
      "type": "google_compute_subnetwork",
      "name": "restricted_subnet",
      "provider": "provider[\"registry.terraform.io/hashicorp/google\"]",
      "instances": [
        {
          "schema_version": 0,
          "attributes": {
            "creation_timestamp": "2022-07-30T13:33:39.170-07:00",
            "description": "",
            "external_ipv6_prefix": "",
            "fingerprint": null,
            "gateway_address": "10.0.1.1",
            "id": "projects/nohaproject-354114/regions/us-central1/subnetworks/restricted-subnet",
            "ip_cidr_range": "10.0.1.0/24",
            "ipv6_access_type": "",
            "ipv6_cidr_range": "",
            "log_config": [],
            "name": "restricted-subnet",
            "network": "https://www.googleapis.com/compute/v1/projects/nohaproject-354114/global/networks/main-network",
            "private_ip_google_access": true,
            "private_ipv6_google_access": "DISABLE_GOOGLE_ACCESS",
            "project": "nohaproject-354114",
            "purpose": "PRIVATE",
            "region": "us-central1",
            "role": "",
            "secondary_ip_range": [],
            "self_link": "https://www.googleapis.com/compute/v1/projects/nohaproject-354114/regions/us-central1/subnetworks/restricted-subnet",
            "stack_type": "IPV4_ONLY",
            "timeouts": null
          },
          "sensitive_attributes": [],
          "private": "eyJlMmJmYjczMC1lY2FhLTExZTYtOGY4OC0zNDM2M2JjN2M0YzAiOnsiY3JlYXRlIjoxMjAwMDAwMDAwMDAwLCJkZWxldGUiOjEyMDAwMDAwMDAwMDAsInVwZGF0ZSI6MTIwMDAwMDAwMDAwMH19",
          "dependencies": [
            "google_compute_network.main-network"
          ]
        }
      ]
    },
    {
      "mode": "managed",
      "type": "google_container_cluster",
      "name": "private-cluster",
      "provider": "provider[\"registry.terraform.io/hashicorp/google\"]",
      "instances": [
        {
          "schema_version": 1,
          "attributes": {
            "addons_config": [
              {
                "cloudrun_config": [],
                "dns_cache_config": [],
                "gce_persistent_disk_csi_driver_config": [
                  {
                    "enabled": true
                  }
                ],
                "gcp_filestore_csi_driver_config": [],
                "horizontal_pod_autoscaling": [],
                "http_load_balancing": [],
                "network_policy_config": [
                  {
                    "disabled": true
                  }
                ]
              }
            ],
            "authenticator_groups_config": [],
            "binary_authorization": [
              {
                "enabled": false,
                "evaluation_mode": ""
              }
            ],
            "cluster_autoscaling": [
              {
                "auto_provisioning_defaults": [],
                "enabled": false,
                "resource_limits": []
              }
            ],
            "cluster_ipv4_cidr": "10.16.0.0/16",
            "confidential_nodes": [],
            "database_encryption": [
              {
                "key_name": "",
                "state": "DECRYPTED"
              }
            ],
            "datapath_provider": "",
            "default_max_pods_per_node": 110,
            "default_snat_status": [
              {
                "disabled": false
              }
            ],
            "description": "",
            "dns_config": [],
            "enable_autopilot": false,
            "enable_binary_authorization": false,
            "enable_intranode_visibility": false,
            "enable_kubernetes_alpha": false,
            "enable_legacy_abac": false,
            "enable_shielded_nodes": true,
            "enable_tpu": false,
            "endpoint": "172.16.0.2",
            "id": "projects/nohaproject-354114/locations/us-central1-a/clusters/private-cluster",
            "initial_node_count": 1,
            "ip_allocation_policy": [
              {
                "cluster_ipv4_cidr_block": "10.16.0.0/16",
                "cluster_secondary_range_name": "gke-private-cluster-pods-c7501478",
                "services_ipv4_cidr_block": "10.12.0.0/16",
                "services_secondary_range_name": "gke-private-cluster-services-c7501478"
              }
            ],
            "label_fingerprint": "a9dc16a7",
            "location": "us-central1-a",
            "logging_config": [
              {
                "enable_components": [
                  "SYSTEM_COMPONENTS",
                  "WORKLOADS"
                ]
              }
            ],
            "logging_service": "logging.googleapis.com/kubernetes",
            "maintenance_policy": [],
            "master_auth": [
              {
                "client_certificate": "",
                "client_certificate_config": [
                  {
                    "issue_client_certificate": false
                  }
                ],
                "client_key": "",
                "cluster_ca_certificate": "LS0tLS1CRUdJTiBDRVJUSUZJQ0FURS0tLS0tCk1JSUVMVENDQXBXZ0F3SUJBZ0lSQU1rK0k1WkZ0TTA2ZnpoQ1pmZEVsVHN3RFFZSktvWklodmNOQVFFTEJRQXcKTHpFdE1Dc0dBMVVFQXhNa05qRTFOR1JoT0RjdE5XVmlOUzAwTXpVMUxUbGxNVGd0TlRnMFpETTVOV0poWXpJMQpNQ0FYRFRJeU1EY3pNREU1TXpNMU1Wb1lEekl3TlRJd056SXlNakF6TXpVeFdqQXZNUzB3S3dZRFZRUURFeVEyCk1UVTBaR0U0TnkwMVpXSTFMVFF6TlRVdE9XVXhPQzAxT0RSa016azFZbUZqTWpVd2dnR2lNQTBHQ1NxR1NJYjMKRFFFQkFRVUFBNElCandBd2dnR0tBb0lCZ1FDZ1hudW9XYmFQY2hzY1V5OHdDalZLRmh2TnlBdlYzcWIydWZ5bwpBRTQxMlpVV0xxVVdZTWRVT05EdE1GZDJCbFlXQmVFQ1FTelJkRnlFRzNaMkdRa1dsSFZsbGVUNVdKYW9JNHhwClZVbXpINnRPUThGNVYzSHZPWXV6dFpsRFpsMXhLUU5nQVRxcmw0K2JUTWJTUGpTQjVzTEExYTJuRmxUZUFtTm8KbFJ3UTR4UElUamRZbnBjMmNJbFpTNzRXTU1mdTZPNzRubE5FQjVoTnBXaXlBaTQ2WkJtQXJTVWgyWWtOMjB5ZgpqTHQ2bUpmZS9VNnYzcGloV0U2QW1qUk55OWdhTGpkeVh3SHIxSzF4YmtvWDg0ek5FeGVTcTNucHFSUEx1a0NBCkVVQ3hnOTU4OGJpRWNMSHZUc29DVzFBNHB4T3lmTk11aHQ1Nmc3bWZxbVg0WlFKR2cxN3ZOekwyY0lqZ0VPTUgKTktVTCs0OFNvYUZGY3kzcVRtM1pDcW56aVZIdzcrNk9JQnVMazVKUE1rWDVlOHcrd1ljZWZNNWpxYmk1dytwRQoraGFVckgxMERXdEVPZkJqZS9UbjltaGQ0d1hnRVdtWDZ2S0tOYi9LRXBENHJJM1IzanNXVzZRd1lMUnJQZTRBCnBNTWltUDZrK2UxRUwwU1ArMUpVY0ZqajJrMENBd0VBQWFOQ01FQXdEZ1lEVlIwUEFRSC9CQVFEQWdJRU1BOEcKQTFVZEV3RUIvd1FGTUFNQkFmOHdIUVlEVlIwT0JCWUVGQWNOTjhtdktuYWh5Q2tLdnUvQ1kzNWVwcXc0TUEwRwpDU3FHU0liM0RRRUJDd1VBQTRJQmdRQitCTGcycUhCaTdXWkl5ckxCLzVpS0VQbnVNVDJER0lOZGt2NWZZL2kvCjduMTdiVGZZcVhsYWNXSTRrUXlKdG04eG5KS3dYTC9jNWh5UjZYTlFsdmNrNnNEMDgxU2QrVkVpUEE0MVl2dFEKcTVWaW0zQTdMMzV5OTVHczA2Q0h5YzFhRVVmMmZJaENVb2svSkgrVmxhQ0tFcnR5NmpSWEZZVmJPUmVuY29kaAo0VWpRZGNXZFZrMFMyN1hxWW84bWNMZzJVb0dRNkNkanplZXdZN0plMkIya2UxM2ZpVWsrYU1keVBVUnZ5TDdvCktFOGEyeEw3aTFsQ2ZTUi9XdzF3cHVxRUUwN0dxZi9neGhpa1R6VU5YSkxvbllZUzFqTVN3TTAzU0F2eFR1UVAKSDVrT0ZTbVBkbWdEbW1PT001WlZReHFLdEM4RWQrZU1URllIeUgrQWRhaUJuQ2RPVytRd0p3aDNIOUFscXhrNwpqeXlUU0wyQXJEOFpBU3ZRaU42QWFCbCs1NFMvamR5d01FTHZlVDUwYzEzMnN6dXNvRjVhMXdKZkh0U0k2bUJFCmVIVEh1QXVVTWRNdi82VWJsRndZRmNVUnVKZURzS3VlN21tRkpucmlqV2M1YmhkWFd1MC81Wks4QWRwdG0vNWYKanZhdThZOFBoellKZGNvSjVTQlNsRkU9Ci0tLS0tRU5EIENFUlRJRklDQVRFLS0tLS0K"
              }
            ],
            "master_authorized_networks_config": [
              {
                "cidr_blocks": [
                  {
                    "cidr_block": "10.0.0.0/24",
                    "display_name": "managment-cidr-range"
                  }
                ]
              }
            ],
            "master_version": "1.22.8-gke.202",
            "min_master_version": null,
            "monitoring_config": [
              {
                "enable_components": [
                  "SYSTEM_COMPONENTS"
                ]
              }
            ],
            "monitoring_service": "monitoring.googleapis.com/kubernetes",
            "name": "private-cluster",
            "network": "projects/nohaproject-354114/global/networks/main-network",
            "network_policy": [
              {
                "enabled": false,
                "provider": "PROVIDER_UNSPECIFIED"
              }
            ],
            "networking_mode": "VPC_NATIVE",
            "node_config": [],
            "node_locations": [],
            "node_pool": [],
            "node_version": "1.22.8-gke.202",
            "notification_config": [
              {
                "pubsub": [
                  {
                    "enabled": false,
                    "topic": ""
                  }
                ]
              }
            ],
            "operation": null,
            "private_cluster_config": [
              {
                "enable_private_endpoint": true,
                "enable_private_nodes": true,
                "master_global_access_config": [
                  {
                    "enabled": false
                  }
                ],
                "master_ipv4_cidr_block": "172.16.0.0/28",
                "peering_name": "gke-nf3ead2b984fb6f2e577-b2f4-4309-peer",
                "private_endpoint": "172.16.0.2",
                "public_endpoint": "34.71.32.63"
              }
            ],
            "private_ipv6_google_access": "",
            "project": "nohaproject-354114",
            "release_channel": [
              {
                "channel": "REGULAR"
              }
            ],
            "remove_default_node_pool": true,
            "resource_labels": null,
            "resource_usage_export_config": [],
            "self_link": "https://container.googleapis.com/v1/projects/nohaproject-354114/zones/us-central1-a/clusters/private-cluster",
            "services_ipv4_cidr": "10.12.0.0/16",
            "subnetwork": "projects/nohaproject-354114/regions/us-central1/subnetworks/restricted-subnet",
            "timeouts": null,
            "tpu_ipv4_cidr_block": "",
            "vertical_pod_autoscaling": [],
            "workload_identity_config": []
          },
          "sensitive_attributes": [],
          "private": "eyJlMmJmYjczMC1lY2FhLTExZTYtOGY4OC0zNDM2M2JjN2M0YzAiOnsiY3JlYXRlIjoyNDAwMDAwMDAwMDAwLCJkZWxldGUiOjI0MDAwMDAwMDAwMDAsInJlYWQiOjI0MDAwMDAwMDAwMDAsInVwZGF0ZSI6MzYwMDAwMDAwMDAwMH0sInNjaGVtYV92ZXJzaW9uIjoiMSJ9",
          "dependencies": [
            "google_compute_network.main-network",
            "google_compute_subnetwork.restricted_subnet"
          ]
        }
      ]
    },
    {
      "mode": "managed",
      "type": "google_container_node_pool",
      "name": "nodepool",
      "provider": "provider[\"registry.terraform.io/hashicorp/google\"]",
      "instances": [
        {
          "schema_version": 1,
          "attributes": {
            "autoscaling": [],
            "cluster": "projects/nohaproject-354114/locations/us-central1-a/clusters/private-cluster",
            "id": "projects/nohaproject-354114/locations/us-central1-a/clusters/private-cluster/nodePools/nodepool",
            "initial_node_count": 1,
            "instance_group_urls": [
              "https://www.googleapis.com/compute/v1/projects/nohaproject-354114/zones/us-central1-a/instanceGroupManagers/gke-private-cluster-nodepool-0aa69d14-grp"
            ],
            "location": "us-central1-a",
            "managed_instance_group_urls": [
              "https://www.googleapis.com/compute/v1/projects/nohaproject-354114/zones/us-central1-a/instanceGroups/gke-private-cluster-nodepool-0aa69d14-grp"
            ],
            "management": [
              {
                "auto_repair": true,
                "auto_upgrade": true
              }
            ],
            "max_pods_per_node": 110,
            "name": "nodepool",
            "name_prefix": "",
            "node_config": [
              {
                "boot_disk_kms_key": "",
                "disk_size_gb": 100,
                "disk_type": "pd-standard",
                "gcfs_config": [],
                "guest_accelerator": [],
                "gvnic": [],
                "image_type": "COS_CONTAINERD",
                "labels": {},
                "local_ssd_count": 0,
                "machine_type": "e2-micro",
                "metadata": {
                  "disable-legacy-endpoints": "true"
                },
                "min_cpu_platform": "",
                "node_group": "",
                "oauth_scopes": [
                  "https://www.googleapis.com/auth/cloud-platform"
                ],
                "preemptible": true,
                "service_account": "node-service-account@nohaproject-354114.iam.gserviceaccount.com",
                "shielded_instance_config": [
                  {
                    "enable_integrity_monitoring": true,
                    "enable_secure_boot": false
                  }
                ],
                "spot": false,
                "tags": null,
                "taint": [],
                "workload_metadata_config": []
              }
            ],
            "node_count": 1,
            "node_locations": [
              "us-central1-a"
            ],
            "operation": null,
            "project": "nohaproject-354114",
            "timeouts": null,
            "upgrade_settings": [
              {
                "max_surge": 1,
                "max_unavailable": 0
              }
            ],
            "version": "1.22.8-gke.202"
          },
          "sensitive_attributes": [],
          "private": "eyJlMmJmYjczMC1lY2FhLTExZTYtOGY4OC0zNDM2M2JjN2M0YzAiOnsiY3JlYXRlIjoxODAwMDAwMDAwMDAwLCJkZWxldGUiOjE4MDAwMDAwMDAwMDAsInVwZGF0ZSI6MTgwMDAwMDAwMDAwMH0sInNjaGVtYV92ZXJzaW9uIjoiMSJ9",
          "dependencies": [
            "google_compute_network.main-network",
            "google_compute_subnetwork.restricted_subnet",
            "google_container_cluster.private-cluster",
            "google_service_account.node-service-account"
          ]
        }
      ]
    },
    {
      "mode": "managed",
      "type": "google_project_iam_binding",
      "name": "node-service-account-iam",
      "provider": "provider[\"registry.terraform.io/hashicorp/google\"]",
      "instances": [
        {
          "schema_version": 0,
          "attributes": {
            "condition": [],
            "etag": "BwXlC64iFiU=",
            "id": "nohaproject-354114/roles/storage.admin",
            "members": [
              "serviceAccount:node-service-account@nohaproject-354114.iam.gserviceaccount.com"
            ],
            "project": "nohaproject-354114",
            "role": "roles/storage.admin"
          },
          "sensitive_attributes": [],
          "private": "bnVsbA==",
          "dependencies": [
            "google_service_account.node-service-account"
          ]
        }
      ]
    },
    {
      "mode": "managed",
      "type": "google_service_account",
      "name": "node-service-account",
      "provider": "provider[\"registry.terraform.io/hashicorp/google\"]",
      "instances": [
        {
          "schema_version": 0,
          "attributes": {
            "account_id": "node-service-account",
            "description": "",
            "disabled": false,
            "display_name": "",
            "email": "node-service-account@nohaproject-354114.iam.gserviceaccount.com",
            "id": "projects/nohaproject-354114/serviceAccounts/node-service-account@nohaproject-354114.iam.gserviceaccount.com",
            "name": "projects/nohaproject-354114/serviceAccounts/node-service-account@nohaproject-354114.iam.gserviceaccount.com",
            "project": "nohaproject-354114",
            "timeouts": null,
            "unique_id": "115338912834058125777"
          },
          "sensitive_attributes": [],
          "private": "eyJlMmJmYjczMC1lY2FhLTExZTYtOGY4OC0zNDM2M2JjN2M0YzAiOnsiY3JlYXRlIjozMDAwMDAwMDAwMDB9fQ=="
        }
      ]
    }
  ]
}
