{
  "version": 4,
  "terraform_version": "1.2.5",
  "serial": 154,
  "lineage": "2374b17a-85ba-8aae-2c57-a5f4a7343824",
  "outputs": {},
  "resources": [
    {
      "mode": "managed",
      "type": "google_compute_firewall",
      "name": "firewall-allow-ssh",
      "provider": "provider[\"registry.terraform.io/hashicorp/google\"]",
      "instances": [
        {
          "schema_version": 1,
          "attributes": {
            "allow": [
              {
                "ports": [
                  "22"
                ],
                "protocol": "tcp"
              }
            ],
            "creation_timestamp": "2022-07-30T13:33:38.629-07:00",
            "deny": [],
            "description": "",
            "destination_ranges": [],
            "direction": "INGRESS",
            "disabled": false,
            "enable_logging": null,
            "id": "projects/nohaproject-354114/global/firewalls/firewall-allow-ssh",
            "log_config": [],
            "name": "firewall-allow-ssh",
            "network": "https://www.googleapis.com/compute/v1/projects/nohaproject-354114/global/networks/main-network",
            "priority": 1000,
            "project": "nohaproject-354114",
            "self_link": "https://www.googleapis.com/compute/v1/projects/nohaproject-354114/global/firewalls/firewall-allow-ssh",
            "source_ranges": [
              "0.0.0.0/0"
            ],
            "source_service_accounts": [],
            "source_tags": [],
            "target_service_accounts": [],
            "target_tags": [],
            "timeouts": null
          },
          "sensitive_attributes": [],
          "private": "eyJlMmJmYjczMC1lY2FhLTExZTYtOGY4OC0zNDM2M2JjN2M0YzAiOnsiY3JlYXRlIjoxMjAwMDAwMDAwMDAwLCJkZWxldGUiOjEyMDAwMDAwMDAwMDAsInVwZGF0ZSI6MTIwMDAwMDAwMDAwMH0sInNjaGVtYV92ZXJzaW9uIjoiMSJ9",
          "dependencies": [
            "google_compute_network.main-network"
          ]
        }
      ]
    },
    {
      "mode": "managed",
      "type": "google_compute_firewall",
      "name": "fw-allow-iap",
      "provider": "provider[\"registry.terraform.io/hashicorp/google\"]",
      "instances": [
        {
          "schema_version": 1,
          "attributes": {
            "allow": [
              {
                "ports": [
                  "80",
                  "22"
                ],
                "protocol": "tcp"
              }
            ],
            "creation_timestamp": "2022-07-30T13:33:38.615-07:00",
            "deny": [],
            "description": "",
            "destination_ranges": [],
            "direction": "INGRESS",
            "disabled": false,
            "enable_logging": null,
            "id": "projects/nohaproject-354114/global/firewalls/fw-allow-iap",
            "log_config": [],
            "name": "fw-allow-iap",
            "network": "https://www.googleapis.com/compute/v1/projects/nohaproject-354114/global/networks/main-network",
            "priority": 1000,
            "project": "nohaproject-354114",
            "self_link": "https://www.googleapis.com/compute/v1/projects/nohaproject-354114/global/firewalls/fw-allow-iap",
            "source_ranges": [
              "35.235.240.0/20"
            ],
            "source_service_accounts": [],
            "source_tags": [],
            "target_service_accounts": [],
            "target_tags": [],
            "timeouts": null
          },
          "sensitive_attributes": [],
          "private": "eyJlMmJmYjczMC1lY2FhLTExZTYtOGY4OC0zNDM2M2JjN2M0YzAiOnsiY3JlYXRlIjoxMjAwMDAwMDAwMDAwLCJkZWxldGUiOjEyMDAwMDAwMDAwMDAsInVwZGF0ZSI6MTIwMDAwMDAwMDAwMH0sInNjaGVtYV92ZXJzaW9uIjoiMSJ9",
          "dependencies": [
            "google_compute_network.main-network"
          ]
        }
      ]
    },
    {
      "mode": "managed",
      "type": "google_compute_instance",
      "name": "private-vm",
      "provider": "provider[\"registry.terraform.io/hashicorp/google\"]",
      "instances": [
        {
          "schema_version": 6,
          "attributes": {
            "advanced_machine_features": [],
            "allow_stopping_for_update": null,
            "attached_disk": [],
            "boot_disk": [
              {
                "auto_delete": true,
                "device_name": "persistent-disk-0",
                "disk_encryption_key_raw": "",
                "disk_encryption_key_sha256": "",
                "initialize_params": [
                  {
                    "image": "https://www.googleapis.com/compute/v1/projects/ubuntu-os-cloud/global/images/ubuntu-1804-bionic-v20220712",
                    "labels": {},
                    "size": 10,
                    "type": "pd-standard"
                  }
                ],
                "kms_key_self_link": "",
                "mode": "READ_WRITE",
                "source": "https://www.googleapis.com/compute/v1/projects/nohaproject-354114/zones/us-central1-a/disks/private-vm"
              }
            ],
            "can_ip_forward": false,
            "confidential_instance_config": [],
            "cpu_platform": "Intel Broadwell",
            "current_status": "RUNNING",
            "deletion_protection": false,
            "description": "",
            "desired_status": null,
            "enable_display": false,
            "guest_accelerator": [],
            "hostname": "",
            "id": "projects/nohaproject-354114/zones/us-central1-a/instances/private-vm",
            "instance_id": "800614076438293343",
            "label_fingerprint": "42WmSpB8rSM=",
            "labels": {},
            "machine_type": "e2-micro",
            "metadata": {},
            "metadata_fingerprint": "D3ku8f4nufo=",
            "metadata_startup_script": null,
            "min_cpu_platform": "",
            "name": "private-vm",
            "network_interface": [
              {
                "access_config": [],
                "alias_ip_range": [],
                "ipv6_access_config": [],
                "ipv6_access_type": "",
                "name": "nic0",
                "network": "https://www.googleapis.com/compute/v1/projects/nohaproject-354114/global/networks/main-network",
                "network_ip": "10.0.0.2",
                "nic_type": "",
                "queue_count": 0,
                "stack_type": "IPV4_ONLY",
                "subnetwork": "https://www.googleapis.com/compute/v1/projects/nohaproject-354114/regions/us-central1/subnetworks/management-subnet",
                "subnetwork_project": "nohaproject-354114"
              }
            ],
            "project": "nohaproject-354114",
            "reservation_affinity": [],
            "resource_policies": [],
            "scheduling": [
              {
                "automatic_restart": true,
                "min_node_cpus": 0,
                "node_affinities": [],
                "on_host_maintenance": "MIGRATE",
                "preemptible": false,
                "provisioning_model": "STANDARD"
              }
            ],
            "scratch_disk": [],
            "self_link": "https://www.googleapis.com/compute/v1/projects/nohaproject-354114/zones/us-central1-a/instances/private-vm",
            "service_account": [],
            "shielded_instance_config": [
              {
                "enable_integrity_monitoring": true,
                "enable_secure_boot": false,
                "enable_vtpm": true
              }
            ],
            "tags": [],
            "tags_fingerprint": "42WmSpB8rSM=",
            "timeouts": null,
            "zone": "us-central1-a"
          },
          "sensitive_attributes": [],
          "private": "eyJlMmJmYjczMC1lY2FhLTExZTYtOGY4OC0zNDM2M2JjN2M0YzAiOnsiY3JlYXRlIjoxMjAwMDAwMDAwMDAwLCJkZWxldGUiOjEyMDAwMDAwMDAwMDAsInVwZGF0ZSI6MTIwMDAwMDAwMDAwMH0sInNjaGVtYV92ZXJzaW9uIjoiNiJ9",
          "dependencies": [
            "google_compute_network.main-network",
            "google_compute_subnetwork.management_subnet"
          ]
        }
      ]
    },
    {
      "mode": "managed",
      "type": "google_compute_network",
      "name": "main-network",
      "provider": "provider[\"registry.terraform.io/hashicorp/google\"]",
      "instances": [
        {
          "schema_version": 0,
          "attributes": {
            "auto_create_subnetworks": false,
            "delete_default_routes_on_create": false,
            "description": "",
            "enable_ula_internal_ipv6": false,
            "gateway_ipv4": "",
            "id": "projects/nohaproject-354114/global/networks/main-network",
            "internal_ipv6_range": "",
            "mtu": 0,
            "name": "main-network",
            "project": "nohaproject-354114",
            "routing_mode": "REGIONAL",
            "self_link": "https://www.googleapis.com/compute/v1/projects/nohaproject-354114/global/networks/main-network",
            "timeouts": null
          },
          "sensitive_attributes": [],
          "private": "eyJlMmJmYjczMC1lY2FhLTExZTYtOGY4OC0zNDM2M2JjN2M0YzAiOnsiY3JlYXRlIjoxMjAwMDAwMDAwMDAwLCJkZWxldGUiOjEyMDAwMDAwMDAwMDAsInVwZGF0ZSI6MTIwMDAwMDAwMDAwMH19"
        }
      ]
    },
    {
      "mode": "managed",
      "type": "google_compute_router",
      "name": "router",
      "provider": "provider[\"registry.terraform.io/hashicorp/google\"]",
      "instances": [
        {
          "schema_version": 0,
          "attributes": {
            "bgp": [],
            "creation_timestamp": "2022-07-30T13:33:51.678-07:00",
            "description": "",
            "encrypted_interconnect_router": false,
            "id": "projects/nohaproject-354114/regions/us-central1/routers/router",
            "name": "router",
            "network": "https://www.googleapis.com/compute/v1/projects/nohaproject-354114/global/networks/main-network",
            "project": "nohaproject-354114",
            "region": "us-central1",
            "self_link": "https://www.googleapis.com/compute/v1/projects/nohaproject-354114/regions/us-central1/routers/router",
            "timeouts": null
          },
          "sensitive_attributes": [],
          "private": "eyJlMmJmYjczMC1lY2FhLTExZTYtOGY4OC0zNDM2M2JjN2M0YzAiOnsiY3JlYXRlIjoxMjAwMDAwMDAwMDAwLCJkZWxldGUiOjEyMDAwMDAwMDAwMDAsInVwZGF0ZSI6MTIwMDAwMDAwMDAwMH19",
          "dependencies": [
            "google_compute_network.main-network",
            "google_compute_subnetwork.management_subnet"
          ]
        }
      ]
    },
    {
      "mode": "managed",
      "type": "google_compute_router_nat",
      "name": "nat-gw",
      "provider": "provider[\"registry.terraform.io/hashicorp/google\"]",
      "instances": [
        {
          "schema_version": 0,
          "attributes": {
            "drain_nat_ips": [],
            "enable_dynamic_port_allocation": false,
            "enable_endpoint_independent_mapping": true,
            "icmp_idle_timeout_sec": 30,
            "id": "nohaproject-354114/us-central1/router/my-router-nat",
            "log_config": [],
            "max_ports_per_vm": 0,
            "min_ports_per_vm": 0,
            "name": "my-router-nat",
            "nat_ip_allocate_option": "AUTO_ONLY",
            "nat_ips": [],
            "project": "nohaproject-354114",
            "region": "us-central1",
            "router": "router",
            "source_subnetwork_ip_ranges_to_nat": "LIST_OF_SUBNETWORKS",
            "subnetwork": [
              {
                "name": "https://www.googleapis.com/compute/v1/projects/nohaproject-354114/regions/us-central1/subnetworks/management-subnet",
                "secondary_ip_range_names": [],
                "source_ip_ranges_to_nat": [
                  "ALL_IP_RANGES"
                ]
              }
            ],
            "tcp_established_idle_timeout_sec": 1200,
            "tcp_transitory_idle_timeout_sec": 30,
            "timeouts": null,
            "udp_idle_timeout_sec": 30
          },
          "sensitive_attributes": [],
          "private": "eyJlMmJmYjczMC1lY2FhLTExZTYtOGY4OC0zNDM2M2JjN2M0YzAiOnsiY3JlYXRlIjoxMjAwMDAwMDAwMDAwLCJkZWxldGUiOjEyMDAwMDAwMDAwMDAsInVwZGF0ZSI6MTIwMDAwMDAwMDAwMH19",
          "dependencies": [
            "google_compute_network.main-network",
            "google_compute_router.router",
            "google_compute_subnetwork.management_subnet"
          ]
        }
      ]
    },
    {
      "mode": "managed",
      "type": "google_compute_subnetwork",
      "name": "management_subnet",
      "provider": "provider[\"registry.terraform.io/hashicorp/google\"]",
      "instances": [
        {
          "schema_version": 0,
          "attributes": {
            "creation_timestamp": "2022-07-30T13:33:38.792-07:00",
            "description": "",
            "external_ipv6_prefix": "",
            "fingerprint": null,
            "gateway_address": "10.0.0.1",
            "id": "projects/nohaproject-354114/regions/us-central1/subnetworks/management-subnet",
            "ip_cidr_range": "10.0.0.0/24",
            "ipv6_access_type": "",
            "ipv6_cidr_range": "",
            "log_config": [],
            "name": "management-subnet",
            "network": "https://www.googleapis.com/compute/v1/projects/nohaproject-354114/global/networks/main-network",
            "private_ip_google_access": false,
            "private_ipv6_google_access": "DISABLE_GOOGLE_ACCESS",
            "project": "nohaproject-354114",
            "purpose": "PRIVATE",
            "region": "us-central1",
            "role": "",
            "secondary_ip_range": [
              {
                "ip_cidr_range": "10.12.0.0/16",
                "range_name": "gke-private-cluster-services-00c597a2"
              },
              {
                "ip_cidr_range": "10.16.0.0/16",
                "range_name": "gke-private-cluster-pods-00c597a2"
              }
            ],
            "self_link": "https://www.googleapis.com/compute/v1/projects/nohaproject-354114/regions/us-central1/subnetworks/management-subnet",
            "stack_type": "IPV4_ONLY",
            "timeouts": null
          },
          "sensitive_attributes": [],
          "private": "eyJlMmJmYjczMC1lY2FhLTExZTYtOGY4OC0zNDM2M2JjN2M0YzAiOnsiY3JlYXRlIjoxMjAwMDAwMDAwMDAwLCJkZWxldGUiOjEyMDAwMDAwMDAwMDAsInVwZGF0ZSI6MTIwMDAwMDAwMDAwMH19",
          "dependencies": [
            "google_compute_network.main-network"
          ]
        }
      ]
    },
    {
      "mode": "managed",
      "type": "google_compute_subnetwork",
      "name": "restricted_subnet",
      "provider": "provider[\"registry.terraform.io/hashicorp/google\"]",
      "instances": [
        {
          "schema_version": 0,
          "attributes": {
            "creation_timestamp": "2022-07-30T13:33:39.170-07:00",
            "description": "",
            "external_ipv6_prefix": "",
            "fingerprint": null,
            "gateway_address": "10.0.1.1",
            "id": "projects/nohaproject-354114/regions/us-central1/subnetworks/restricted-subnet",
            "ip_cidr_range": "10.0.1.0/24",
            "ipv6_access_type": "",
            "ipv6_cidr_range": "",
            "log_config": [],
            "name": "restricted-subnet",
            "network": "https://www.googleapis.com/compute/v1/projects/nohaproject-354114/global/networks/main-network",
            "private_ip_google_access": true,
            "private_ipv6_google_access": "DISABLE_GOOGLE_ACCESS",
            "project": "nohaproject-354114",
            "purpose": "PRIVATE",
            "region": "us-central1",
            "role": "",
            "secondary_ip_range": [],
            "self_link": "https://www.googleapis.com/compute/v1/projects/nohaproject-354114/regions/us-central1/subnetworks/restricted-subnet",
            "stack_type": "IPV4_ONLY",
            "timeouts": null
          },
          "sensitive_attributes": [],
          "private": "eyJlMmJmYjczMC1lY2FhLTExZTYtOGY4OC0zNDM2M2JjN2M0YzAiOnsiY3JlYXRlIjoxMjAwMDAwMDAwMDAwLCJkZWxldGUiOjEyMDAwMDAwMDAwMDAsInVwZGF0ZSI6MTIwMDAwMDAwMDAwMH19",
          "dependencies": [
            "google_compute_network.main-network"
          ]
        }
      ]
    },
    {
      "mode": "managed",
      "type": "google_container_cluster",
      "name": "private-cluster",
      "provider": "provider[\"registry.terraform.io/hashicorp/google\"]",
      "instances": [
        {
          "schema_version": 1,
          "attributes": {
            "addons_config": [
              {
                "cloudrun_config": [],
                "dns_cache_config": [],
                "gce_persistent_disk_csi_driver_config": [
                  {
                    "enabled": true
                  }
                ],
                "gcp_filestore_csi_driver_config": [],
                "horizontal_pod_autoscaling": [],
                "http_load_balancing": [],
                "network_policy_config": [
                  {
                    "disabled": true
                  }
                ]
              }
            ],
            "authenticator_groups_config": [],
            "binary_authorization": [
              {
                "enabled": false,
                "evaluation_mode": ""
              }
            ],
            "cluster_autoscaling": [
              {
                "auto_provisioning_defaults": [],
                "enabled": false,
                "resource_limits": []
              }
            ],
            "cluster_ipv4_cidr": "10.16.0.0/16",
            "confidential_nodes": [],
            "database_encryption": [
              {
                "key_name": "",
                "state": "DECRYPTED"
              }
            ],
            "datapath_provider": "",
            "default_max_pods_per_node": 110,
            "default_snat_status": [
              {
                "disabled": false
              }
            ],
            "description": "",
            "dns_config": [],
            "enable_autopilot": false,
            "enable_binary_authorization": false,
            "enable_intranode_visibility": false,
            "enable_kubernetes_alpha": false,
            "enable_legacy_abac": false,
            "enable_shielded_nodes": true,
            "enable_tpu": false,
            "endpoint": "172.16.0.2",
            "id": "projects/nohaproject-354114/locations/us-central1-a/clusters/private-cluster",
            "initial_node_count": 1,
            "ip_allocation_policy": [
              {
                "cluster_ipv4_cidr_block": "10.16.0.0/16",
                "cluster_secondary_range_name": "gke-private-cluster-pods-00c597a2",
                "services_ipv4_cidr_block": "10.12.0.0/16",
                "services_secondary_range_name": "gke-private-cluster-services-00c597a2"
              }
            ],
            "label_fingerprint": "a9dc16a7",
            "location": "us-central1-a",
            "logging_config": [
              {
                "enable_components": [
                  "SYSTEM_COMPONENTS",
                  "WORKLOADS"
                ]
              }
            ],
            "logging_service": "logging.googleapis.com/kubernetes",
            "maintenance_policy": [],
            "master_auth": [
              {
                "client_certificate": "",
                "client_certificate_config": [
                  {
                    "issue_client_certificate": false
                  }
                ],
                "client_key": "",
                "cluster_ca_certificate": "LS0tLS1CRUdJTiBDRVJUSUZJQ0FURS0tLS0tCk1JSUVMRENDQXBTZ0F3SUJBZ0lRV0FacHpERTcraGVzY1dKYk95MmtuREFOQmdrcWhraUc5dzBCQVFzRkFEQXYKTVMwd0t3WURWUVFERXlSbE0yWmhaVEE1TWkwME9UVTJMVFJoWlRZdFlXWmxNeTB6TnpNeU9XRTFPVGN3WlRrdwpJQmNOTWpJd056TXdNakEwTnpJeldoZ1BNakExTWpBM01qSXlNVFEzTWpOYU1DOHhMVEFyQmdOVkJBTVRKR1V6ClptRmxNRGt5TFRRNU5UWXROR0ZsTmkxaFptVXpMVE0zTXpJNVlUVTVOekJsT1RDQ0FhSXdEUVlKS29aSWh2Y04KQVFFQkJRQURnZ0dQQURDQ0FZb0NnZ0dCQU5NMGpVWEFHcmtzekJBSElaK2kvbW54WitrbE1BVnpVL3paeGZvcAptdVZFRitncVlPWVFUUDk5MW1jTnJQWlpja3RRMGJETHFWMDdOaXNYZHQ2dm83TC9PZW9OR0k2WDZqalBpTlV1CkxTNVREOFZuSGpDSmNiK2xkYWdpS2RFdlhkRmxLTXRaU1IzaHFaeDRWWW05dlR3b1A2R2tXSGxMOElaMnNWczMKRlRPRXdoZmhyR3A5T09nUUxsZGkya3VoL0dRdHNvNHRCaWlXc1R0UkQybzZ5ajUxRTAwSUFGaUUrWkVwNENaKwpvL21ONjFCaHZBQkZ2TklZekh3YXhtOS9lSzN3SjhqYW9yQkJtNTkrUFNHUjR3aVFtMHVSZmkwYzViUnl4cVBYCit3WEV5bktFcWdId3FqRC9PbXFzSDBZMWtGT1RqNFN4RFBXOVF2b0FEWjgxeWZBV0gxWDJLS3NNWmUzeEx6VFYKY1NHM2tReXgvcFloSWJpT0E5N0JOSlltcHd4M2lQOXlDaFo2OEZCQ1d6YkVBdjdSMWQzWE16N3VJTzAzaU0vdwpLcWdJemgyYitjSDA0VmNXU0ZkdmpsRnliYmNuT1MxaWtHV2NLL2F3VDI4WDZvZDNsV3ByN0U3T3luU3ZDMm14CkpBSFVHajRnMjBjam9aUzJhL1hOc2JxNTlRSURBUUFCbzBJd1FEQU9CZ05WSFE4QkFmOEVCQU1DQWdRd0R3WUQKVlIwVEFRSC9CQVV3QXdFQi96QWRCZ05WSFE0RUZnUVVkMWptczFwZEY2VGRxRE1jYlVQSkswVWV0RXN3RFFZSgpLb1pJaHZjTkFRRUxCUUFEZ2dHQkFGWTIveW93N29rUUZuNTVZV2p2WEZGUENTTXdsVTFGTVBlRWhDOFkwMW5DCnB5SFhwbFl4cStycndDYnhtZ3RSQVJjZkNCcWxRR3FicUtLVnVSWjBUVUFEdjBvSXFDYkd4QUovL0szenl0Mm0KcnJFejdoZHBibThhZzVxc00zMC92S0pKN0N3RHl4Zk1Xc0U3OXd6Vno0MTlORmVYNC80NnM0Q2ZUQkRRaXNNagpmTjlEZGJ4QUlkNXdHVmNDU3FFRENUbXdmd1FGdnQ3Nkh0OWpJNDUrV1UyQlNaaHl3TkY4MlU5QnFzdm1hMnFuCmN1VVpRY2hFMjJ2YUxDUllvWXBYSzE2cDNYV0ZkU0tJT2VzeFFNUEplWGYycXhqM05GcjdRVFhNSVNwWE9iOUcKQVNPcXFDWmxBdVp3OC9ZTjlVT2FaRUZYQVFjVTNnUUpPMFhSVFpJR1kycG9BUExKNTIybDZ4M2Y4aCsxMzhLRApoOVVVZWloZ2p6aHg5RndrUzV4OHdteXRWNndydElXdUdMYzBlQlg5N3kvZmgveldRWEd0Z3RiWDhhZ05sZVZqCkx1c2Zvb3RKMXgwbDRiTzdrK3NlbnlITzFDNUtYa0xmbnRqMFBKR3NkVzNUd3ZvMmtRczdoMzM3aXpqdDg4ZGQKb0FPSGcrQ281SEpnYXMzbTFkaG1TZz09Ci0tLS0tRU5EIENFUlRJRklDQVRFLS0tLS0K"
              }
            ],
            "master_authorized_networks_config": [
              {
                "cidr_blocks": [
                  {
                    "cidr_block": "10.0.0.0/24",
                    "display_name": "managment-cidr-range"
                  }
                ]
              }
            ],
            "master_version": "1.22.8-gke.202",
            "min_master_version": null,
            "monitoring_config": [
              {
                "enable_components": [
                  "SYSTEM_COMPONENTS"
                ]
              }
            ],
            "monitoring_service": "monitoring.googleapis.com/kubernetes",
            "name": "private-cluster",
            "network": "projects/nohaproject-354114/global/networks/main-network",
            "network_policy": [
              {
                "enabled": false,
                "provider": "PROVIDER_UNSPECIFIED"
              }
            ],
            "networking_mode": "VPC_NATIVE",
            "node_config": [],
            "node_locations": [],
            "node_pool": [],
            "node_version": "1.22.8-gke.202",
            "notification_config": [
              {
                "pubsub": [
                  {
                    "enabled": false,
                    "topic": ""
                  }
                ]
              }
            ],
            "operation": null,
            "private_cluster_config": [
              {
                "enable_private_endpoint": true,
                "enable_private_nodes": true,
                "master_global_access_config": [
                  {
                    "enabled": false
                  }
                ],
                "master_ipv4_cidr_block": "172.16.0.0/28",
                "peering_name": "gke-nf3ead2b984fb6f2e577-7a03-aa3a-peer",
                "private_endpoint": "172.16.0.2",
                "public_endpoint": "23.251.146.213"
              }
            ],
            "private_ipv6_google_access": "",
            "project": "nohaproject-354114",
            "release_channel": [
              {
                "channel": "REGULAR"
              }
            ],
            "remove_default_node_pool": true,
            "resource_labels": {},
            "resource_usage_export_config": [],
            "self_link": "https://container.googleapis.com/v1/projects/nohaproject-354114/zones/us-central1-a/clusters/private-cluster",
            "services_ipv4_cidr": "10.12.0.0/16",
            "subnetwork": "projects/nohaproject-354114/regions/us-central1/subnetworks/management-subnet",
            "timeouts": null,
            "tpu_ipv4_cidr_block": "",
            "vertical_pod_autoscaling": [],
            "workload_identity_config": []
          },
          "sensitive_attributes": [],
          "private": "eyJlMmJmYjczMC1lY2FhLTExZTYtOGY4OC0zNDM2M2JjN2M0YzAiOnsiY3JlYXRlIjoyNDAwMDAwMDAwMDAwLCJkZWxldGUiOjI0MDAwMDAwMDAwMDAsInJlYWQiOjI0MDAwMDAwMDAwMDAsInVwZGF0ZSI6MzYwMDAwMDAwMDAwMH0sInNjaGVtYV92ZXJzaW9uIjoiMSJ9",
          "dependencies": [
            "google_compute_network.main-network",
            "google_compute_subnetwork.management_subnet"
          ]
        }
      ]
    },
    {
      "mode": "managed",
      "type": "google_container_node_pool",
      "name": "nodepool",
      "provider": "provider[\"registry.terraform.io/hashicorp/google\"]",
      "instances": [
        {
          "status": "tainted",
          "schema_version": 1,
          "attributes": {
            "autoscaling": [],
            "cluster": "projects/nohaproject-354114/locations/us-central1-a/clusters/private-cluster",
            "id": "projects/nohaproject-354114/locations/us-central1-a/clusters/private-cluster/nodePools/nodepool",
            "initial_node_count": null,
            "instance_group_urls": null,
            "location": "us-central1-a",
            "managed_instance_group_urls": null,
            "management": null,
            "max_pods_per_node": null,
            "name": "nodepool",
            "name_prefix": null,
            "node_config": [
              {
                "boot_disk_kms_key": "",
                "disk_size_gb": 0,
                "disk_type": "",
                "gcfs_config": [],
                "guest_accelerator": [],
                "gvnic": [],
                "image_type": "",
                "labels": {},
                "local_ssd_count": 0,
                "machine_type": "t2-medium",
                "metadata": {},
                "min_cpu_platform": "",
                "node_group": "",
                "oauth_scopes": [
                  "https://www.googleapis.com/auth/cloud-platform"
                ],
                "preemptible": true,
                "service_account": "node-service-account@nohaproject-354114.iam.gserviceaccount.com",
                "shielded_instance_config": [],
                "spot": false,
                "tags": null,
                "taint": [],
                "workload_metadata_config": []
              }
            ],
            "node_count": 1,
            "node_locations": [],
            "operation": null,
            "project": null,
            "timeouts": null,
            "upgrade_settings": null,
            "version": null
          },
          "sensitive_attributes": [],
          "private": "eyJlMmJmYjczMC1lY2FhLTExZTYtOGY4OC0zNDM2M2JjN2M0YzAiOnsiY3JlYXRlIjoxODAwMDAwMDAwMDAwLCJkZWxldGUiOjE4MDAwMDAwMDAwMDAsInVwZGF0ZSI6MTgwMDAwMDAwMDAwMH0sInNjaGVtYV92ZXJzaW9uIjoiMSJ9",
          "dependencies": [
            "google_container_cluster.private-cluster",
            "google_service_account.node-service-account"
          ]
        }
      ]
    },
    {
      "mode": "managed",
      "type": "google_project_iam_binding",
      "name": "node-service-account-iam",
      "provider": "provider[\"registry.terraform.io/hashicorp/google\"]",
      "instances": [
        {
          "schema_version": 0,
          "attributes": {
            "condition": [],
            "etag": "BwXlC64iFiU=",
            "id": "nohaproject-354114/roles/storage.admin",
            "members": [
              "serviceAccount:node-service-account@nohaproject-354114.iam.gserviceaccount.com"
            ],
            "project": "nohaproject-354114",
            "role": "roles/storage.admin"
          },
          "sensitive_attributes": [],
          "private": "bnVsbA==",
          "dependencies": [
            "google_service_account.node-service-account"
          ]
        }
      ]
    },
    {
      "mode": "managed",
      "type": "google_service_account",
      "name": "node-service-account",
      "provider": "provider[\"registry.terraform.io/hashicorp/google\"]",
      "instances": [
        {
          "schema_version": 0,
          "attributes": {
            "account_id": "node-service-account",
            "description": "",
            "disabled": false,
            "display_name": "",
            "email": "node-service-account@nohaproject-354114.iam.gserviceaccount.com",
            "id": "projects/nohaproject-354114/serviceAccounts/node-service-account@nohaproject-354114.iam.gserviceaccount.com",
            "name": "projects/nohaproject-354114/serviceAccounts/node-service-account@nohaproject-354114.iam.gserviceaccount.com",
            "project": "nohaproject-354114",
            "timeouts": null,
            "unique_id": "115338912834058125777"
          },
          "sensitive_attributes": [],
          "private": "eyJlMmJmYjczMC1lY2FhLTExZTYtOGY4OC0zNDM2M2JjN2M0YzAiOnsiY3JlYXRlIjozMDAwMDAwMDAwMDB9fQ=="
        }
      ]
    }
  ]
}
